// !$*UTF8*$!
{
	archiveVersion = 1;
	classes = {
	};
	objectVersion = 46;
	objects = {

/* Begin PBXBuildFile section */
		D8E941F11E8F76EF0051B16F /* AppDelegate.swift in Sources */ = {isa = PBXBuildFile; fileRef = D8E941F01E8F76EF0051B16F /* AppDelegate.swift */; };
		D8E941F31E8F76EF0051B16F /* ViewController.swift in Sources */ = {isa = PBXBuildFile; fileRef = D8E941F21E8F76EF0051B16F /* ViewController.swift */; };
		D8E941F61E8F76EF0051B16F /* Main.storyboard in Resources */ = {isa = PBXBuildFile; fileRef = D8E941F41E8F76EF0051B16F /* Main.storyboard */; };
		D8E941F81E8F76EF0051B16F /* Assets.xcassets in Resources */ = {isa = PBXBuildFile; fileRef = D8E941F71E8F76EF0051B16F /* Assets.xcassets */; };
		D8E941FB1E8F76EF0051B16F /* LaunchScreen.storyboard in Resources */ = {isa = PBXBuildFile; fileRef = D8E941F91E8F76EF0051B16F /* LaunchScreen.storyboard */; };
		D8E942061E8F76EF0051B16F /* MyStopWatchAppTests.swift in Sources */ = {isa = PBXBuildFile; fileRef = D8E942051E8F76EF0051B16F /* MyStopWatchAppTests.swift */; };
		D8E942111E8F76EF0051B16F /* MyStopWatchAppUITests.swift in Sources */ = {isa = PBXBuildFile; fileRef = D8E942101E8F76EF0051B16F /* MyStopWatchAppUITests.swift */; };
/* End PBXBuildFile section */

/* Begin PBXContainerItemProxy section */
		D8E942021E8F76EF0051B16F /* PBXContainerItemProxy */ = {
			isa = PBXContainerItemProxy;
			containerPortal = D8E941E51E8F76EF0051B16F /* Project object */;
			proxyType = 1;
			remoteGlobalIDString = D8E941EC1E8F76EF0051B16F;
			remoteInfo = MyStopWatchApp;
		};
		D8E9420D1E8F76EF0051B16F /* PBXContainerItemProxy */ = {
			isa = PBXContainerItemProxy;
			containerPortal = D8E941E51E8F76EF0051B16F /* Project object */;
			proxyType = 1;
			remoteGlobalIDString = D8E941EC1E8F76EF0051B16F;
			remoteInfo = MyStopWatchApp;
		};
/* End PBXContainerItemProxy section */

/* Begin PBXFileReference section */
		D8E941ED1E8F76EF0051B16F /* MyStopWatchApp.app */ = {isa = PBXFileReference; explicitFileType = wrapper.application; includeInIndex = 0; path = MyStopWatchApp.app; sourceTree = BUILT_PRODUCTS_DIR; };
		D8E941F01E8F76EF0051B16F /* AppDelegate.swift */ = {isa = PBXFileReference; lastKnownFileType = sourcecode.swift; path = AppDelegate.swift; sourceTree = "<group>"; };
		D8E941F21E8F76EF0051B16F /* ViewController.swift */ = {isa = PBXFileReference; lastKnownFileType = sourcecode.swift; path = ViewController.swift; sourceTree = "<group>"; };
		D8E941F51E8F76EF0051B16F /* Base */ = {isa = PBXFileReference; lastKnownFileType = file.storyboard; name = Base; path = Base.lproj/Main.storyboard; sourceTree = "<group>"; };
		D8E941F71E8F76EF0051B16F /* Assets.xcassets */ = {isa = PBXFileReference; lastKnownFileType = folder.assetcatalog; path = Assets.xcassets; sourceTree = "<group>"; };
		D8E941FA1E8F76EF0051B16F /* Base */ = {isa = PBXFileReference; lastKnownFileType = file.storyboard; name = Base; path = Base.lproj/LaunchScreen.storyboard; sourceTree = "<group>"; };
		D8E941FC1E8F76EF0051B16F /* Info.plist */ = {isa = PBXFileReference; lastKnownFileType = text.plist.xml; path = Info.plist; sourceTree = "<group>"; };
		D8E942011E8F76EF0051B16F /* MyStopWatchAppTests.xctest */ = {isa = PBXFileReference; explicitFileType = wrapper.cfbundle; includeInIndex = 0; path = MyStopWatchAppTests.xctest; sourceTree = BUILT_PRODUCTS_DIR; };
		D8E942051E8F76EF0051B16F /* MyStopWatchAppTests.swift */ = {isa = PBXFileReference; lastKnownFileType = sourcecode.swift; path = MyStopWatchAppTests.swift; sourceTree = "<group>"; };
		D8E942071E8F76EF0051B16F /* Info.plist */ = {isa = PBXFileReference; lastKnownFileType = text.plist.xml; path = Info.plist; sourceTree = "<group>"; };
		D8E9420C1E8F76EF0051B16F /* MyStopWatchAppUITests.xctest */ = {isa = PBXFileReference; explicitFileType = wrapper.cfbundle; includeInIndex = 0; path = MyStopWatchAppUITests.xctest; sourceTree = BUILT_PRODUCTS_DIR; };
		D8E942101E8F76EF0051B16F /* MyStopWatchAppUITests.swift */ = {isa = PBXFileReference; lastKnownFileType = sourcecode.swift; path = MyStopWatchAppUITests.swift; sourceTree = "<group>"; };
		D8E942121E8F76EF0051B16F /* Info.plist */ = {isa = PBXFileReference; lastKnownFileType = text.plist.xml; path = Info.plist; sourceTree = "<group>"; };
/* End PBXFileReference section */

/* Begin PBXFrameworksBuildPhase section */
		D8E941EA1E8F76EF0051B16F /* Frameworks */ = {
			isa = PBXFrameworksBuildPhase;
			buildActionMask = 2147483647;
			files = (
			);
			runOnlyForDeploymentPostprocessing = 0;
		};
		D8E941FE1E8F76EF0051B16F /* Frameworks */ = {
			isa = PBXFrameworksBuildPhase;
			buildActionMask = 2147483647;
			files = (
			);
			runOnlyForDeploymentPostprocessing = 0;
		};
		D8E942091E8F76EF0051B16F /* Frameworks */ = {
			isa = PBXFrameworksBuildPhase;
			buildActionMask = 2147483647;
			files = (
			);
			runOnlyForDeploymentPostprocessing = 0;
		};
/* End PBXFrameworksBuildPhase section */

/* Begin PBXGroup section */
		D8E941E41E8F76EF0051B16F = {
			isa = PBXGroup;
			children = (
				D8E941EF1E8F76EF0051B16F /* MyStopWatchApp */,
				D8E942041E8F76EF0051B16F /* MyStopWatchAppTests */,
				D8E9420F1E8F76EF0051B16F /* MyStopWatchAppUITests */,
				D8E941EE1E8F76EF0051B16F /* Products */,
			);
			sourceTree = "<group>";
		};
		D8E941EE1E8F76EF0051B16F /* Products */ = {
			isa = PBXGroup;
			children = (
				D8E941ED1E8F76EF0051B16F /* MyStopWatchApp.app */,
				D8E942011E8F76EF0051B16F /* MyStopWatchAppTests.xctest */,
				D8E9420C1E8F76EF0051B16F /* MyStopWatchAppUITests.xctest */,
			);
			name = Products;
			sourceTree = "<group>";
		};
		D8E941EF1E8F76EF0051B16F /* MyStopWatchApp */ = {
			isa = PBXGroup;
			children = (
				D8E941F01E8F76EF0051B16F /* AppDelegate.swift */,
				D8E941F21E8F76EF0051B16F /* ViewController.swift */,
				D8E941F41E8F76EF0051B16F /* Main.storyboard */,
				D8E941F71E8F76EF0051B16F /* Assets.xcassets */,
				D8E941F91E8F76EF0051B16F /* LaunchScreen.storyboard */,
				D8E941FC1E8F76EF0051B16F /* Info.plist */,
			);
			path = MyStopWatchApp;
			sourceTree = "<group>";
		};
		D8E942041E8F76EF0051B16F /* MyStopWatchAppTests */ = {
			isa = PBXGroup;
			children = (
				D8E942051E8F76EF0051B16F /* MyStopWatchAppTests.swift */,
				D8E942071E8F76EF0051B16F /* Info.plist */,
			);
			path = MyStopWatchAppTests;
			sourceTree = "<group>";
		};
		D8E9420F1E8F76EF0051B16F /* MyStopWatchAppUITests */ = {
			isa = PBXGroup;
			children = (
				D8E942101E8F76EF0051B16F /* MyStopWatchAppUITests.swift */,
				D8E942121E8F76EF0051B16F /* Info.plist */,
			);
			path = MyStopWatchAppUITests;
			sourceTree = "<group>";
		};
/* End PBXGroup section */

/* Begin PBXNativeTarget section */
		D8E941EC1E8F76EF0051B16F /* MyStopWatchApp */ = {
			isa = PBXNativeTarget;
			buildConfigurationList = D8E942151E8F76EF0051B16F /* Build configuration list for PBXNativeTarget "MyStopWatchApp" */;
			buildPhases = (
				D8E941E91E8F76EF0051B16F /* Sources */,
				D8E941EA1E8F76EF0051B16F /* Frameworks */,
				D8E941EB1E8F76EF0051B16F /* Resources */,
			);
			buildRules = (
			);
			dependencies = (
			);
			name = MyStopWatchApp;
			productName = MyStopWatchApp;
			productReference = D8E941ED1E8F76EF0051B16F /* MyStopWatchApp.app */;
			productType = "com.apple.product-type.application";
		};
		D8E942001E8F76EF0051B16F /* MyStopWatchAppTests */ = {
			isa = PBXNativeTarget;
			buildConfigurationList = D8E942181E8F76EF0051B16F /* Build configuration list for PBXNativeTarget "MyStopWatchAppTests" */;
			buildPhases = (
				D8E941FD1E8F76EF0051B16F /* Sources */,
				D8E941FE1E8F76EF0051B16F /* Frameworks */,
				D8E941FF1E8F76EF0051B16F /* Resources */,
			);
			buildRules = (
			);
			dependencies = (
				D8E942031E8F76EF0051B16F /* PBXTargetDependency */,
			);
			name = MyStopWatchAppTests;
			productName = MyStopWatchAppTests;
			productReference = D8E942011E8F76EF0051B16F /* MyStopWatchAppTests.xctest */;
			productType = "com.apple.product-type.bundle.unit-test";
		};
		D8E9420B1E8F76EF0051B16F /* MyStopWatchAppUITests */ = {
			isa = PBXNativeTarget;
			buildConfigurationList = D8E9421B1E8F76EF0051B16F /* Build configuration list for PBXNativeTarget "MyStopWatchAppUITests" */;
			buildPhases = (
				D8E942081E8F76EF0051B16F /* Sources */,
				D8E942091E8F76EF0051B16F /* Frameworks */,
				D8E9420A1E8F76EF0051B16F /* Resources */,
			);
			buildRules = (
			);
			dependencies = (
				D8E9420E1E8F76EF0051B16F /* PBXTargetDependency */,
			);
			name = MyStopWatchAppUITests;
			productName = MyStopWatchAppUITests;
			productReference = D8E9420C1E8F76EF0051B16F /* MyStopWatchAppUITests.xctest */;
			productType = "com.apple.product-type.bundle.ui-testing";
		};
/* End PBXNativeTarget section */

/* Begin PBXProject section */
		D8E941E51E8F76EF0051B16F /* Project object */ = {
			isa = PBXProject;
			attributes = {
				LastSwiftUpdateCheck = 0820;
				LastUpgradeCheck = 0820;
				ORGANIZATIONNAME = "Atsushi Sakai";
				TargetAttributes = {
					D8E941EC1E8F76EF0051B16F = {
						CreatedOnToolsVersion = 8.2.1;
						DevelopmentTeam = RA5AD6ECF8;
						ProvisioningStyle = Automatic;
					};
					D8E942001E8F76EF0051B16F = {
						CreatedOnToolsVersion = 8.2.1;
						ProvisioningStyle = Automatic;
						TestTargetID = D8E941EC1E8F76EF0051B16F;
					};
					D8E9420B1E8F76EF0051B16F = {
						CreatedOnToolsVersion = 8.2.1;
						ProvisioningStyle = Automatic;
						TestTargetID = D8E941EC1E8F76EF0051B16F;
					};
				};
			};
			buildConfigurationList = D8E941E81E8F76EF0051B16F /* Build configuration list for PBXProject "MyStopWatchApp" */;
			compatibilityVersion = "Xcode 3.2";
			developmentRegion = English;
			hasScannedForEncodings = 0;
			knownRegions = (
				en,
				Base,
			);
			mainGroup = D8E941E41E8F76EF0051B16F;
			productRefGroup = D8E941EE1E8F76EF0051B16F /* Products */;
			projectDirPath = "";
			projectRoot = "";
			targets = (
				D8E941EC1E8F76EF0051B16F /* MyStopWatchApp */,
				D8E942001E8F76EF0051B16F /* MyStopWatchAppTests */,
				D8E9420B1E8F76EF0051B16F /* MyStopWatchAppUITests */,
			);
		};
/* End PBXProject section */

/* Begin PBXResourcesBuildPhase section */
		D8E941EB1E8F76EF0051B16F /* Resources */ = {
			isa = PBXResourcesBuildPhase;
			buildActionMask = 2147483647;
			files = (
				D8E941FB1E8F76EF0051B16F /* LaunchScreen.storyboard in Resources */,
				D8E941F81E8F76EF0051B16F /* Assets.xcassets in Resources */,
				D8E941F61E8F76EF0051B16F /* Main.storyboard in Resources */,
			);
			runOnlyForDeploymentPostprocessing = 0;
		};
		D8E941FF1E8F76EF0051B16F /* Resources */ = {
			isa = PBXResourcesBuildPhase;
			buildActionMask = 2147483647;
			files = (
			);
			runOnlyForDeploymentPostprocessing = 0;
		};
		D8E9420A1E8F76EF0051B16F /* Resources */ = {
			isa = PBXResourcesBuildPhase;
			buildActionMask = 2147483647;
			files = (
			);
			runOnlyForDeploymentPostprocessing = 0;
		};
/* End PBXResourcesBuildPhase section */

/* Begin PBXSourcesBuildPhase section */
		D8E941E91E8F76EF0051B16F /* Sources */ = {
			isa = PBXSourcesBuildPhase;
			buildActionMask = 2147483647;
			files = (
				D8E941F31E8F76EF0051B16F /* ViewController.swift in Sources */,
				D8E941F11E8F76EF0051B16F /* AppDelegate.swift in Sources */,
			);
			runOnlyForDeploymentPostprocessing = 0;
		};
		D8E941FD1E8F76EF0051B16F /* Sources */ = {
			isa = PBXSourcesBuildPhase;
			buildActionMask = 2147483647;
			files = (
				D8E942061E8F76EF0051B16F /* MyStopWatchAppTests.swift in Sources */,
			);
			runOnlyForDeploymentPostprocessing = 0;
		};
		D8E942081E8F76EF0051B16F /* Sources */ = {
			isa = PBXSourcesBuildPhase;
			buildActionMask = 2147483647;
			files = (
				D8E942111E8F76EF0051B16F /* MyStopWatchAppUITests.swift in Sources */,
			);
			runOnlyForDeploymentPostprocessing = 0;
		};
/* End PBXSourcesBuildPhase section */

/* Begin PBXTargetDependency section */
		D8E942031E8F76EF0051B16F /* PBXTargetDependency */ = {
			isa = PBXTargetDependency;
			target = D8E941EC1E8F76EF0051B16F /* MyStopWatchApp */;
			targetProxy = D8E942021E8F76EF0051B16F /* PBXContainerItemProxy */;
		};
		D8E9420E1E8F76EF0051B16F /* PBXTargetDependency */ = {
			isa = PBXTargetDependency;
			target = D8E941EC1E8F76EF0051B16F /* MyStopWatchApp */;
			targetProxy = D8E9420D1E8F76EF0051B16F /* PBXContainerItemProxy */;
		};
/* End PBXTargetDependency section */

/* Begin PBXVariantGroup section */
		D8E941F41E8F76EF0051B16F /* Main.storyboard */ = {
			isa = PBXVariantGroup;
			children = (
				D8E941F51E8F76EF0051B16F /* Base */,
			);
			name = Main.storyboard;
			sourceTree = "<group>";
		};
		D8E941F91E8F76EF0051B16F /* LaunchScreen.storyboard */ = {
			isa = PBXVariantGroup;
			children = (
				D8E941FA1E8F76EF0051B16F /* Base */,
			);
			name = LaunchScreen.storyboard;
			sourceTree = "<group>";
		};
/* End PBXVariantGroup section */

/* Begin XCBuildConfiguration section */
		D8E942131E8F76EF0051B16F /* Debug */ = {
			isa = XCBuildConfiguration;
			buildSettings = {
				ALWAYS_SEARCH_USER_PATHS = NO;
				CLANG_ANALYZER_NONNULL = YES;
				CLANG_CXX_LANGUAGE_STANDARD = "gnu++0x";
				CLANG_CXX_LIBRARY = "libc++";
				CLANG_ENABLE_MODULES = YES;
				CLANG_ENABLE_OBJC_ARC = YES;
				CLANG_WARN_BOOL_CONVERSION = YES;
				CLANG_WARN_CONSTANT_CONVERSION = YES;
				CLANG_WARN_DIRECT_OBJC_ISA_USAGE = YES_ERROR;
				CLANG_WARN_DOCUMENTATION_COMMENTS = YES;
				CLANG_WARN_EMPTY_BODY = YES;
				CLANG_WARN_ENUM_CONVERSION = YES;
				CLANG_WARN_INFINITE_RECURSION = YES;
				CLANG_WARN_INT_CONVERSION = YES;
				CLANG_WARN_OBJC_ROOT_CLASS = YES_ERROR;
				CLANG_WARN_SUSPICIOUS_MOVE = YES;
				CLANG_WARN_UNREACHABLE_CODE = YES;
				CLANG_WARN__DUPLICATE_METHOD_MATCH = YES;
				"CODE_SIGN_IDENTITY[sdk=iphoneos*]" = "iPhone Developer";
				COPY_PHASE_STRIP = NO;
				DEBUG_INFORMATION_FORMAT = dwarf;
				ENABLE_STRICT_OBJC_MSGSEND = YES;
				ENABLE_TESTABILITY = YES;
				GCC_C_LANGUAGE_STANDARD = gnu99;
				GCC_DYNAMIC_NO_PIC = NO;
				GCC_NO_COMMON_BLOCKS = YES;
				GCC_OPTIMIZATION_LEVEL = 0;
				GCC_PREPROCESSOR_DEFINITIONS = (
					"DEBUG=1",
					"$(inherited)",
				);
				GCC_WARN_64_TO_32_BIT_CONVERSION = YES;
				GCC_WARN_ABOUT_RETURN_TYPE = YES_ERROR;
				GCC_WARN_UNDECLARED_SELECTOR = YES;
				GCC_WARN_UNINITIALIZED_AUTOS = YES_AGGRESSIVE;
				GCC_WARN_UNUSED_FUNCTION = YES;
				GCC_WARN_UNUSED_VARIABLE = YES;
				IPHONEOS_DEPLOYMENT_TARGET = 10.2;
				MTL_ENABLE_DEBUG_INFO = YES;
				ONLY_ACTIVE_ARCH = YES;
				SDKROOT = iphoneos;
				SWIFT_ACTIVE_COMPILATION_CONDITIONS = DEBUG;
				SWIFT_OPTIMIZATION_LEVEL = "-Onone";
				TARGETED_DEVICE_FAMILY = "1,2";
			};
			name = Debug;
		};
		D8E942141E8F76EF0051B16F /* Release */ = {
			isa = XCBuildConfiguration;
			buildSettings = {
				ALWAYS_SEARCH_USER_PATHS = NO;
				CLANG_ANALYZER_NONNULL = YES;
				CLANG_CXX_LANGUAGE_STANDARD = "gnu++0x";
				CLANG_CXX_LIBRARY = "libc++";
				CLANG_ENABLE_MODULES = YES;
				CLANG_ENABLE_OBJC_ARC = YES;
				CLANG_WARN_BOOL_CONVERSION = YES;
				CLANG_WARN_CONSTANT_CONVERSION = YES;
				CLANG_WARN_DIRECT_OBJC_ISA_USAGE = YES_ERROR;
				CLANG_WARN_DOCUMENTATION_COMMENTS = YES;
				CLANG_WARN_EMPTY_BODY = YES;
				CLANG_WARN_ENUM_CONVERSION = YES;
				CLANG_WARN_INFINITE_RECURSION = YES;
				CLANG_WARN_INT_CONVERSION = YES;
				CLANG_WARN_OBJC_ROOT_CLASS = YES_ERROR;
				CLANG_WARN_SUSPICIOUS_MOVE = YES;
				CLANG_WARN_UNREACHABLE_CODE = YES;
				CLANG_WARN__DUPLICATE_METHOD_MATCH = YES;
				"CODE_SIGN_IDENTITY[sdk=iphoneos*]" = "iPhone Developer";
				COPY_PHASE_STRIP = NO;
				DEBUG_INFORMATION_FORMAT = "dwarf-with-dsym";
				ENABLE_NS_ASSERTIONS = NO;
				ENABLE_STRICT_OBJC_MSGSEND = YES;
				GCC_C_LANGUAGE_STANDARD = gnu99;
				GCC_NO_COMMON_BLOCKS = YES;
				GCC_WARN_64_TO_32_BIT_CONVERSION = YES;
				GCC_WARN_ABOUT_RETURN_TYPE = YES_ERROR;
				GCC_WARN_UNDECLARED_SELECTOR = YES;
				GCC_WARN_UNINITIALIZED_AUTOS = YES_AGGRESSIVE;
				GCC_WARN_UNUSED_FUNCTION = YES;
				GCC_WARN_UNUSED_VARIABLE = YES;
				IPHONEOS_DEPLOYMENT_TARGET = 10.2;
				MTL_ENABLE_DEBUG_INFO = NO;
				SDKROOT = iphoneos;
				SWIFT_OPTIMIZATION_LEVEL = "-Owholemodule";
				TARGETED_DEVICE_FAMILY = "1,2";
				VALIDATE_PRODUCT = YES;
			};
			name = Release;
		};
		D8E942161E8F76EF0051B16F /* Debug */ = {
			isa = XCBuildConfiguration;
			buildSettings = {
				ASSETCATALOG_COMPILER_APPICON_NAME = AppIcon;
				DEVELOPMENT_TEAM = RA5AD6ECF8;
				INFOPLIST_FILE = MyStopWatchApp/Info.plist;
				LD_RUNPATH_SEARCH_PATHS = "$(inherited) @executable_path/Frameworks";
				PRODUCT_BUNDLE_IDENTIFIER = git.MyStopWatchApp;
				PRODUCT_NAME = "$(TARGET_NAME)";
				SWIFT_VERSION = 3.0;
			};
			name = Debug;
		};
		D8E942171E8F76EF0051B16F /* Release */ = {
			isa = XCBuildConfiguration;
			buildSettings = {
				ASSETCATALOG_COMPILER_APPICON_NAME = AppIcon;
				DEVELOPMENT_TEAM = RA5AD6ECF8;
				INFOPLIST_FILE = MyStopWatchApp/Info.plist;
				LD_RUNPATH_SEARCH_PATHS = "$(inherited) @executable_path/Frameworks";
				PRODUCT_BUNDLE_IDENTIFIER = git.MyStopWatchApp;
				PRODUCT_NAME = "$(TARGET_NAME)";
				SWIFT_VERSION = 3.0;
			};
			name = Release;
		};
		D8E942191E8F76EF0051B16F /* Debug */ = {
			isa = XCBuildConfiguration;
			buildSettings = {
				ALWAYS_EMBED_SWIFT_STANDARD_LIBRARIES = YES;
				BUNDLE_LOADER = "$(TEST_HOST)";
				INFOPLIST_FILE = MyStopWatchAppTests/Info.plist;
				LD_RUNPATH_SEARCH_PATHS = "$(inherited) @executable_path/Frameworks @loader_path/Frameworks";
				PRODUCT_BUNDLE_IDENTIFIER = git.MyStopWatchAppTests;
				PRODUCT_NAME = "$(TARGET_NAME)";
				SWIFT_VERSION = 3.0;
				TEST_HOST = "$(BUILT_PRODUCTS_DIR)/MyStopWatchApp.app/MyStopWatchApp";
			};
			name = Debug;
		};
		D8E9421A1E8F76EF0051B16F /* Release */ = {
			isa = XCBuildConfiguration;
			buildSettings = {
				ALWAYS_EMBED_SWIFT_STANDARD_LIBRARIES = YES;
				BUNDLE_LOADER = "$(TEST_HOST)";
				INFOPLIST_FILE = MyStopWatchAppTests/Info.plist;
				LD_RUNPATH_SEARCH_PATHS = "$(inherited) @executable_path/Frameworks @loader_path/Frameworks";
				PRODUCT_BUNDLE_IDENTIFIER = git.MyStopWatchAppTests;
				PRODUCT_NAME = "$(TARGET_NAME)";
				SWIFT_VERSION = 3.0;
				TEST_HOST = "$(BUILT_PRODUCTS_DIR)/MyStopWatchApp.app/MyStopWatchApp";
			};
			name = Release;
		};
		D8E9421C1E8F76EF0051B16F /* Debug */ = {
			isa = XCBuildConfiguration;
			buildSettings = {
				ALWAYS_EMBED_SWIFT_STANDARD_LIBRARIES = YES;
				INFOPLIST_FILE = MyStopWatchAppUITests/Info.plist;
				LD_RUNPATH_SEARCH_PATHS = "$(inherited) @executable_path/Frameworks @loader_path/Frameworks";
				PRODUCT_BUNDLE_IDENTIFIER = git.MyStopWatchAppUITests;
				PRODUCT_NAME = "$(TARGET_NAME)";
				SWIFT_VERSION = 3.0;
				TEST_TARGET_NAME = MyStopWatchApp;
			};
			name = Debug;
		};
		D8E9421D1E8F76EF0051B16F /* Release */ = {
			isa = XCBuildConfiguration;
			buildSettings = {
				ALWAYS_EMBED_SWIFT_STANDARD_LIBRARIES = YES;
				INFOPLIST_FILE = MyStopWatchAppUITests/Info.plist;
				LD_RUNPATH_SEARCH_PATHS = "$(inherited) @executable_path/Frameworks @loader_path/Frameworks";
				PRODUCT_BUNDLE_IDENTIFIER = git.MyStopWatchAppUITests;
				PRODUCT_NAME = "$(TARGET_NAME)";
				SWIFT_VERSION = 3.0;
				TEST_TARGET_NAME = MyStopWatchApp;
			};
			name = Release;
		};
/* End XCBuildConfiguration section */

/* Begin XCConfigurationList section */
		D8E941E81E8F76EF0051B16F /* Build configuration list for PBXProject "MyStopWatchApp" */ = {
			isa = XCConfigurationList;
			buildConfigurations = (
				D8E942131E8F76EF0051B16F /* Debug */,
				D8E942141E8F76EF0051B16F /* Release */,
			);
			defaultConfigurationIsVisible = 0;
			defaultConfigurationName = Release;
		};
		D8E942151E8F76EF0051B16F /* Build configuration list for PBXNativeTarget "MyStopWatchApp" */ = {
			isa = XCConfigurationList;
			buildConfigurations = (
				D8E942161E8F76EF0051B16F /* Debug */,
				D8E942171E8F76EF0051B16F /* Release */,
			);
			defaultConfigurationIsVisible = 0;
			defaultConfigurationName = Release;
		};
		D8E942181E8F76EF0051B16F /* Build configuration list for PBXNativeTarget "MyStopWatchAppTests" */ = {
			isa = XCConfigurationList;
			buildConfigurations = (
				D8E942191E8F76EF0051B16F /* Debug */,
				D8E9421A1E8F76EF0051B16F /* Release */,
			);
			defaultConfigurationIsVisible = 0;
			defaultConfigurationName = Release;
		};
		D8E9421B1E8F76EF0051B16F /* Build configuration list for PBXNativeTarget "MyStopWatchAppUITests" */ = {
			isa = XCConfigurationList;
			buildConfigurations = (
				D8E9421C1E8F76EF0051B16F /* Debug */,
				D8E9421D1E8F76EF0051B16F /* Release */,
			);
			defaultConfigurationIsVisible = 0;
			defaultConfigurationName = Release;
		};
/* End XCConfigurationList section */
	};
	rootObject = D8E941E51E8F76EF0051B16F /* Project object */;
}
